
Microsoft Visual Studio Solution File, Format Version 12.00
# Visual Studio 15
VisualStudioVersion = 15.0.28307.168
MinimumVisualStudioVersion = 10.0.40219.1
Project("{FAE04EC0-301F-11D3-BF4B-00C04F79EFBC}") = "BlogAndPostWebAppV2", "BlogAndPostWebAppV2\BlogAndPostWebAppV2.csproj", "{46F2C85D-BB10-402C-95A0-F22D3096CE79}"
EndProject
Global
	GlobalSection(SolutionConfigurationPlatforms) = preSolution
		Debug|Any CPU = Debug|Any CPU
		Release|Any CPU = Release|Any CPU
	EndGlobalSection
	GlobalSection(ProjectConfigurationPlatforms) = postSolution
		{46F2C85D-BB10-402C-95A0-F22D3096CE79}.Debug|Any CPU.ActiveCfg = Debug|Any CPU
		{46F2C85D-BB10-402C-95A0-F22D3096CE79}.Debug|Any CPU.Build.0 = Debug|Any CPU
		{46F2C85D-BB10-402C-95A0-F22D3096CE79}.Release|Any CPU.ActiveCfg = Release|Any CPU
		{46F2C85D-BB10-402C-95A0-F22D3096CE79}.Release|Any CPU.Build.0 = Release|Any CPU
	EndGlobalSection
	GlobalSection(SolutionProperties) = preSolution
		HideSolutionNode = FALSE
	EndGlobalSection
	GlobalSection(ExtensibilityGlobals) = postSolution
		SolutionGuid = {38E8A62B-E754-4742-B1F6-7F6A7F119026}
	EndGlobalSection
EndGlobal
